
Microsoft Visual Studio Solution File, Format Version 12.00
# Visual Studio Version 17
VisualStudioVersion = 17.4.33403.182
MinimumVisualStudioVersion = 10.0.40219.1
Project("{FAE04EC0-301F-11D3-BF4B-00C04F79EFBC}") = "Skill-CodeFirstEntity", "Skill-CodeFirstEntity\Skill-CodeFirstEntity.csproj", "{EC4715D8-CF3B-4799-9222-17EBB5A52134}"
EndProject
Global
	GlobalSection(SolutionConfigurationPlatforms) = preSolution
		Debug|Any CPU = Debug|Any CPU
		Release|Any CPU = Release|Any CPU
	EndGlobalSection
	GlobalSection(ProjectConfigurationPlatforms) = postSolution
		{EC4715D8-CF3B-4799-9222-17EBB5A52134}.Debug|Any CPU.ActiveCfg = Debug|Any CPU
		{EC4715D8-CF3B-4799-9222-17EBB5A52134}.Debug|Any CPU.Build.0 = Debug|Any CPU
		{EC4715D8-CF3B-4799-9222-17EBB5A52134}.Release|Any CPU.ActiveCfg = Release|Any CPU
		{EC4715D8-CF3B-4799-9222-17EBB5A52134}.Release|Any CPU.Build.0 = Release|Any CPU
	EndGlobalSection
	GlobalSection(SolutionProperties) = preSolution
		HideSolutionNode = FALSE
	EndGlobalSection
	GlobalSection(ExtensibilityGlobals) = postSolution
		SolutionGuid = {572E0FE4-2716-419C-B44D-27EBE9B86667}
	EndGlobalSection
EndGlobal
